# This file is automatically @generated by Cargo.
# It is not intended for manual editing.
version = 3

[[package]]
name = "bootloader"
version = "0.1.0"
dependencies = [
 "uefi",
]

[[package]]
name = "uefi"
version = "0.1.0"
source = "git+https://github.com/SaucySalamander/uefi-wrapper?branch=feature/chars_and_strings#86bdbd8b583855c9f8550b5f58c86a4ac15152e1"
